<?xml version="1.0" encoding="utf-8"?>
<Project ToolsVersion="4.0" xmlns="http://schemas.microsoft.com/developer/msbuild/2003">
  <ItemGroup>
    <ClCompile Include="src\ofApp.cpp">
      <Filter>src</Filter>
    </ClCompile>
    <ClCompile Include="src\main.cpp">
      <Filter>src</Filter>
    </ClCompile>
    <ClCompile Include="..\..\..\..\..\Google Drive\Art interactif\of_v0.9.0_vs_release\of_v0.9.0_vs_release\addons\ofxGui\src\ofxBaseGui.cpp">
      <Filter>addons\ofxGui\src</Filter>
    </ClCompile>
    <ClCompile Include="..\..\..\..\..\Google Drive\Art interactif\of_v0.9.0_vs_release\of_v0.9.0_vs_release\addons\ofxGui\src\ofxButton.cpp">
      <Filter>addons\ofxGui\src</Filter>
    </ClCompile>
    <ClCompile Include="..\..\..\..\..\Google Drive\Art interactif\of_v0.9.0_vs_release\of_v0.9.0_vs_release\addons\ofxGui\src\ofxGuiGroup.cpp">
      <Filter>addons\ofxGui\src</Filter>
    </ClCompile>
    <ClCompile Include="..\..\..\..\..\Google Drive\Art interactif\of_v0.9.0_vs_release\of_v0.9.0_vs_release\addons\ofxGui\src\ofxLabel.cpp">
      <Filter>addons\ofxGui\src</Filter>
    </ClCompile>
    <ClCompile Include="..\..\..\..\..\Google Drive\Art interactif\of_v0.9.0_vs_release\of_v0.9.0_vs_release\addons\ofxGui\src\ofxPanel.cpp">
      <Filter>addons\ofxGui\src</Filter>
    </ClCompile>
    <ClCompile Include="..\..\..\..\..\Google Drive\Art interactif\of_v0.9.0_vs_release\of_v0.9.0_vs_release\addons\ofxGui\src\ofxSlider.cpp">
      <Filter>addons\ofxGui\src</Filter>
    </ClCompile>
    <ClCompile Include="..\..\..\..\..\Google Drive\Art interactif\of_v0.9.0_vs_release\of_v0.9.0_vs_release\addons\ofxGui\src\ofxSliderGroup.cpp">
      <Filter>addons\ofxGui\src</Filter>
    </ClCompile>
    <ClCompile Include="..\..\..\..\..\Google Drive\Art interactif\of_v0.9.0_vs_release\of_v0.9.0_vs_release\addons\ofxGui\src\ofxToggle.cpp">
      <Filter>addons\ofxGui\src</Filter>
    </ClCompile>
    <ClCompile Include="src\eegData.cpp">
      <Filter>src</Filter>
    </ClCompile>
    <ClCompile Include="src\eegHandler.cpp">
      <Filter>src</Filter>
    </ClCompile>
    <ClCompile Include="src\ofxMultiPlot.cpp">
      <Filter>src</Filter>
    </ClCompile>
  </ItemGroup>
  <ItemGroup>
    <Filter Include="src">
      <UniqueIdentifier>{d8376475-7454-4a24-b08a-aac121d3ad6f}</UniqueIdentifier>
    </Filter>
    <Filter Include="addons">
      <UniqueIdentifier>{2d2269fd-01e2-4aa0-b7dc-4e161c037f5a}</UniqueIdentifier>
    </Filter>
    <Filter Include="addons\ofxGui">
      <UniqueIdentifier>{6a4e8427-1c4f-454a-927e-a4ed73c98eaf}</UniqueIdentifier>
    </Filter>
    <Filter Include="addons\ofxGui\src">
      <UniqueIdentifier>{b24502a4-5ced-497b-bcd5-0a44ca8e3715}</UniqueIdentifier>
    </Filter>
    <Filter Include="bin">
      <UniqueIdentifier>{090fa2ff-0a21-44ec-ab15-f1f7dcba63cc}</UniqueIdentifier>
    </Filter>
    <Filter Include="bin\data">
      <UniqueIdentifier>{e6034eb8-52b7-4d49-b937-b1b17cf9d133}</UniqueIdentifier>
    </Filter>
    <Filter Include="bin\data\ofxMultiPlot">
      <UniqueIdentifier>{36736331-350c-41ff-b988-56a0b43f5af3}</UniqueIdentifier>
    </Filter>
  </ItemGroup>
  <ItemGroup>
    <ClInclude Include="src\ofApp.h">
      <Filter>src</Filter>
    </ClInclude>
    <ClInclude Include="..\..\..\..\..\Google Drive\Art interactif\of_v0.9.0_vs_release\of_v0.9.0_vs_release\addons\ofxGui\src\ofxBaseGui.h">
      <Filter>addons\ofxGui\src</Filter>
    </ClInclude>
    <ClInclude Include="..\..\..\..\..\Google Drive\Art interactif\of_v0.9.0_vs_release\of_v0.9.0_vs_release\addons\ofxGui\src\ofxButton.h">
      <Filter>addons\ofxGui\src</Filter>
    </ClInclude>
    <ClInclude Include="..\..\..\..\..\Google Drive\Art interactif\of_v0.9.0_vs_release\of_v0.9.0_vs_release\addons\ofxGui\src\ofxGui.h">
      <Filter>addons\ofxGui\src</Filter>
    </ClInclude>
    <ClInclude Include="..\..\..\..\..\Google Drive\Art interactif\of_v0.9.0_vs_release\of_v0.9.0_vs_release\addons\ofxGui\src\ofxGuiGroup.h">
      <Filter>addons\ofxGui\src</Filter>
    </ClInclude>
    <ClInclude Include="..\..\..\..\..\Google Drive\Art interactif\of_v0.9.0_vs_release\of_v0.9.0_vs_release\addons\ofxGui\src\ofxLabel.h">
      <Filter>addons\ofxGui\src</Filter>
    </ClInclude>
    <ClInclude Include="..\..\..\..\..\Google Drive\Art interactif\of_v0.9.0_vs_release\of_v0.9.0_vs_release\addons\ofxGui\src\ofxPanel.h">
      <Filter>addons\ofxGui\src</Filter>
    </ClInclude>
    <ClInclude Include="..\..\..\..\..\Google Drive\Art interactif\of_v0.9.0_vs_release\of_v0.9.0_vs_release\addons\ofxGui\src\ofxSlider.h">
      <Filter>addons\ofxGui\src</Filter>
    </ClInclude>
    <ClInclude Include="..\..\..\..\..\Google Drive\Art interactif\of_v0.9.0_vs_release\of_v0.9.0_vs_release\addons\ofxGui\src\ofxSliderGroup.h">
      <Filter>addons\ofxGui\src</Filter>
    </ClInclude>
    <ClInclude Include="..\..\..\..\..\Google Drive\Art interactif\of_v0.9.0_vs_release\of_v0.9.0_vs_release\addons\ofxGui\src\ofxToggle.h">
      <Filter>addons\ofxGui\src</Filter>
    </ClInclude>
    <ClInclude Include="src\eegData.h">
      <Filter>src</Filter>
    </ClInclude>
    <ClInclude Include="src\eegHandler.h">
      <Filter>src</Filter>
    </ClInclude>
    <ClInclude Include="src\ofxMultiPlot.h">
      <Filter>src</Filter>
    </ClInclude>
    <ClInclude Include="src\styleSheet.h">
      <Filter>src</Filter>
    </ClInclude>
  </ItemGroup>
  <ItemGroup>
    <ResourceCompile Include="icon.rc" />
  </ItemGroup>
  <ItemGroup>
    <None Include="bin\data\ofxMultiPlot\crossedLine.vert">
      <Filter>bin\data\ofxMultiPlot</Filter>
    </None>
    <None Include="bin\data\ofxMultiPlot\dashedLine.frag">
      <Filter>bin\data\ofxMultiPlot</Filter>
    </None>
    <None Include="bin\data\ofxMultiPlot\dashedLine.geo">
      <Filter>bin\data\ofxMultiPlot</Filter>
    </None>
    <None Include="bin\data\ofxMultiPlot\dashedLine.vert">
      <Filter>bin\data\ofxMultiPlot</Filter>
    </None>
    <None Include="bin\data\ofxMultiPlot\dottedLine.frag">
      <Filter>bin\data\ofxMultiPlot</Filter>
    </None>
    <None Include="bin\data\ofxMultiPlot\dottedLine.geo">
      <Filter>bin\data\ofxMultiPlot</Filter>
    </None>
    <None Include="bin\data\ofxMultiPlot\dottedLine.vert">
      <Filter>bin\data\ofxMultiPlot</Filter>
    </None>
    <None Include="bin\data\ofxMultiPlot\crossedLine.frag">
      <Filter>bin\data\ofxMultiPlot</Filter>
    </None>
    <None Include="bin\data\ofxMultiPlot\crossedLine.geo">
      <Filter>bin\data\ofxMultiPlot</Filter>
    </None>
  </ItemGroup>
</Project>